
Microsoft Visual Studio Solution File, Format Version 12.00
# Visual Studio 15
VisualStudioVersion = 15.0.27130.2010
MinimumVisualStudioVersion = 10.0.40219.1
Project("{FAE04EC0-301F-11D3-BF4B-00C04F79EFBC}") = "Travel Expenses", "Travel Expenses\Travel Expenses.csproj", "{1C0E879F-FF95-4CB0-99A8-603FEB5892D6}"
EndProject
Global
	GlobalSection(SolutionConfigurationPlatforms) = preSolution
		Debug|Any CPU = Debug|Any CPU
		Release|Any CPU = Release|Any CPU
	EndGlobalSection
	GlobalSection(ProjectConfigurationPlatforms) = postSolution
		{1C0E879F-FF95-4CB0-99A8-603FEB5892D6}.Debug|Any CPU.ActiveCfg = Debug|Any CPU
		{1C0E879F-FF95-4CB0-99A8-603FEB5892D6}.Debug|Any CPU.Build.0 = Debug|Any CPU
		{1C0E879F-FF95-4CB0-99A8-603FEB5892D6}.Release|Any CPU.ActiveCfg = Release|Any CPU
		{1C0E879F-FF95-4CB0-99A8-603FEB5892D6}.Release|Any CPU.Build.0 = Release|Any CPU
	EndGlobalSection
	GlobalSection(SolutionProperties) = preSolution
		HideSolutionNode = FALSE
	EndGlobalSection
	GlobalSection(ExtensibilityGlobals) = postSolution
		SolutionGuid = {2457337C-6C82-4A9A-B434-BD9E10668000}
	EndGlobalSection
EndGlobal
